<?xml version="1.0" encoding="UTF-8"?>
<!DOCTYPE plist PUBLIC "-//Apple//DTD PLIST 1.0//EN" "http://www.apple.com/DTDs/PropertyList-1.0.dtd">
<plist version="1.0">
<dict>
	<key>archiveVersion</key>
	<string>1</string>
	<key>classes</key>
	<dict/>
	<key>objectVersion</key>
	<string>46</string>
	<key>objects</key>
	<dict>
		<key>0440BBC16C7CE33CE2C46ED8</key>
		<dict>
			<key>fileRef</key>
			<string>098921E4A7A6F02A09CCF4D0</string>
			<key>isa</key>
			<string>PBXBuildFile</string>
		</dict>
		<key>08C93D6AAAF8988BE5E0C8EF</key>
		<dict>
			<key>fileEncoding</key>
			<string>4</string>
			<key>isa</key>
			<string>PBXFileReference</string>
			<key>lastKnownFileType</key>
			<string>sourcecode.swift</string>
			<key>path</key>
			<string>UITabBarController+Utility.swift</string>
			<key>sourceTree</key>
			<string>&lt;group&gt;</string>
		</dict>
		<key>098921E4A7A6F02A09CCF4D0</key>
		<dict>
			<key>fileEncoding</key>
			<string>4</string>
			<key>isa</key>
			<string>PBXFileReference</string>
			<key>lastKnownFileType</key>
			<string>sourcecode.swift</string>
			<key>path</key>
			<string>UISearchBar+Utility.swift</string>
			<key>sourceTree</key>
			<string>&lt;group&gt;</string>
		</dict>
		<key>0B28DFD01E40CD2E00BF6E7C</key>
		<dict>
			<key>children</key>
			<array>
				<string>0B28DFDA1E40CD2E00BF6E7C</string>
				<string>749EE3513CB902DC53DABEFD</string>
			</array>
			<key>isa</key>
			<string>PBXGroup</string>
			<key>sourceTree</key>
			<string>&lt;group&gt;</string>
		</dict>
		<key>0B28DFD11E40CD2E00BF6E7C</key>
		<dict>
			<key>attributes</key>
			<dict>
				<key>LastSwiftUpdateCheck</key>
				<string>0730</string>
				<key>LastUpgradeCheck</key>
				<string>0730</string>
				<key>ORGANIZATIONNAME</key>
				<string>Hackveda</string>
				<key>TargetAttributes</key>
				<dict>
					<key>0B6093BD1E68BCDD00C80262</key>
					<dict>
						<key>CreatedOnToolsVersion</key>
						<string>7.3.1</string>
					</dict>
				</dict>
			</dict>
			<key>buildConfigurationList</key>
			<string>0B28DFD41E40CD2E00BF6E7C</string>
			<key>compatibilityVersion</key>
			<string>Xcode 3.2</string>
			<key>developmentRegion</key>
			<string>English</string>
			<key>hasScannedForEncodings</key>
			<string>0</string>
			<key>isa</key>
			<string>PBXProject</string>
			<key>knownRegions</key>
			<array>
				<string>en</string>
				<string>Base</string>
			</array>
			<key>mainGroup</key>
			<string>0B28DFD01E40CD2E00BF6E7C</string>
			<key>productRefGroup</key>
			<string>0B28DFDA1E40CD2E00BF6E7C</string>
			<key>projectDirPath</key>
			<string></string>
			<key>projectRoot</key>
			<string></string>
			<key>targets</key>
			<array>
				<string>0B6093BD1E68BCDD00C80262</string>
			</array>
		</dict>
		<key>0B28DFD41E40CD2E00BF6E7C</key>
		<dict>
			<key>buildConfigurations</key>
			<array>
				<string>0B28DFE91E40CD2E00BF6E7C</string>
				<string>0B28DFEA1E40CD2E00BF6E7C</string>
			</array>
			<key>defaultConfigurationIsVisible</key>
			<string>0</string>
			<key>defaultConfigurationName</key>
			<string>Release</string>
			<key>isa</key>
			<string>XCConfigurationList</string>
		</dict>
		<key>0B28DFDA1E40CD2E00BF6E7C</key>
		<dict>
			<key>children</key>
			<array>
				<string>0B6093BE1E68BCDD00C80262</string>
			</array>
			<key>isa</key>
			<string>PBXGroup</string>
			<key>name</key>
			<string>Products</string>
			<key>sourceTree</key>
			<string>&lt;group&gt;</string>
		</dict>
		<key>0B28DFE91E40CD2E00BF6E7C</key>
		<dict>
			<key>buildSettings</key>
			<dict>
				<key>ALWAYS_SEARCH_USER_PATHS</key>
				<string>NO</string>
				<key>CLANG_ANALYZER_NONNULL</key>
				<string>YES</string>
				<key>CLANG_CXX_LANGUAGE_STANDARD</key>
				<string>gnu++0x</string>
				<key>CLANG_CXX_LIBRARY</key>
				<string>libc++</string>
				<key>CLANG_ENABLE_MODULES</key>
				<string>YES</string>
				<key>CLANG_ENABLE_OBJC_ARC</key>
				<string>YES</string>
				<key>CLANG_WARN_BOOL_CONVERSION</key>
				<string>YES</string>
				<key>CLANG_WARN_CONSTANT_CONVERSION</key>
				<string>YES</string>
				<key>CLANG_WARN_DIRECT_OBJC_ISA_USAGE</key>
				<string>YES_ERROR</string>
				<key>CLANG_WARN_EMPTY_BODY</key>
				<string>YES</string>
				<key>CLANG_WARN_ENUM_CONVERSION</key>
				<string>YES</string>
				<key>CLANG_WARN_INT_CONVERSION</key>
				<string>YES</string>
				<key>CLANG_WARN_OBJC_ROOT_CLASS</key>
				<string>YES_ERROR</string>
				<key>CLANG_WARN_UNREACHABLE_CODE</key>
				<string>YES</string>
				<key>CLANG_WARN__DUPLICATE_METHOD_MATCH</key>
				<string>YES</string>
				<key>CODE_SIGN_IDENTITY[sdk=iphoneos*]</key>
				<string>iPhone Developer</string>
				<key>COPY_PHASE_STRIP</key>
				<string>NO</string>
				<key>DEBUG_INFORMATION_FORMAT</key>
				<string>dwarf</string>
				<key>ENABLE_STRICT_OBJC_MSGSEND</key>
				<string>YES</string>
				<key>ENABLE_TESTABILITY</key>
				<string>YES</string>
				<key>GCC_C_LANGUAGE_STANDARD</key>
				<string>gnu99</string>
				<key>GCC_DYNAMIC_NO_PIC</key>
				<string>NO</string>
				<key>GCC_NO_COMMON_BLOCKS</key>
				<string>YES</string>
				<key>GCC_OPTIMIZATION_LEVEL</key>
				<string>0</string>
				<key>GCC_PREPROCESSOR_DEFINITIONS</key>
				<array>
					<string>DEBUG=1</string>
					<string>$(inherited)</string>
				</array>
				<key>GCC_WARN_64_TO_32_BIT_CONVERSION</key>
				<string>YES</string>
				<key>GCC_WARN_ABOUT_RETURN_TYPE</key>
				<string>YES_ERROR</string>
				<key>GCC_WARN_UNDECLARED_SELECTOR</key>
				<string>YES</string>
				<key>GCC_WARN_UNINITIALIZED_AUTOS</key>
				<string>YES_AGGRESSIVE</string>
				<key>GCC_WARN_UNUSED_FUNCTION</key>
				<string>YES</string>
				<key>GCC_WARN_UNUSED_VARIABLE</key>
				<string>YES</string>
				<key>IPHONEOS_DEPLOYMENT_TARGET</key>
				<string>11.0</string>
				<key>MTL_ENABLE_DEBUG_INFO</key>
				<string>YES</string>
				<key>ONLY_ACTIVE_ARCH</key>
				<string>YES</string>
				<key>SDKROOT</key>
				<string>iphoneos</string>
			</dict>
			<key>isa</key>
			<string>XCBuildConfiguration</string>
			<key>name</key>
			<string>Debug</string>
		</dict>
		<key>0B28DFEA1E40CD2E00BF6E7C</key>
		<dict>
			<key>buildSettings</key>
			<dict>
				<key>ALWAYS_SEARCH_USER_PATHS</key>
				<string>NO</string>
				<key>CLANG_ANALYZER_NONNULL</key>
				<string>YES</string>
				<key>CLANG_CXX_LANGUAGE_STANDARD</key>
				<string>gnu++0x</string>
				<key>CLANG_CXX_LIBRARY</key>
				<string>libc++</string>
				<key>CLANG_ENABLE_MODULES</key>
				<string>YES</string>
				<key>CLANG_ENABLE_OBJC_ARC</key>
				<string>YES</string>
				<key>CLANG_WARN_BOOL_CONVERSION</key>
				<string>YES</string>
				<key>CLANG_WARN_CONSTANT_CONVERSION</key>
				<string>YES</string>
				<key>CLANG_WARN_DIRECT_OBJC_ISA_USAGE</key>
				<string>YES_ERROR</string>
				<key>CLANG_WARN_EMPTY_BODY</key>
				<string>YES</string>
				<key>CLANG_WARN_ENUM_CONVERSION</key>
				<string>YES</string>
				<key>CLANG_WARN_INT_CONVERSION</key>
				<string>YES</string>
				<key>CLANG_WARN_OBJC_ROOT_CLASS</key>
				<string>YES_ERROR</string>
				<key>CLANG_WARN_UNREACHABLE_CODE</key>
				<string>YES</string>
				<key>CLANG_WARN__DUPLICATE_METHOD_MATCH</key>
				<string>YES</string>
				<key>CODE_SIGN_IDENTITY[sdk=iphoneos*]</key>
				<string>iPhone Developer</string>
				<key>COPY_PHASE_STRIP</key>
				<string>NO</string>
				<key>DEBUG_INFORMATION_FORMAT</key>
				<string>dwarf-with-dsym</string>
				<key>ENABLE_NS_ASSERTIONS</key>
				<string>NO</string>
				<key>ENABLE_STRICT_OBJC_MSGSEND</key>
				<string>YES</string>
				<key>GCC_C_LANGUAGE_STANDARD</key>
				<string>gnu99</string>
				<key>GCC_NO_COMMON_BLOCKS</key>
				<string>YES</string>
				<key>GCC_WARN_64_TO_32_BIT_CONVERSION</key>
				<string>YES</string>
				<key>GCC_WARN_ABOUT_RETURN_TYPE</key>
				<string>YES_ERROR</string>
				<key>GCC_WARN_UNDECLARED_SELECTOR</key>
				<string>YES</string>
				<key>GCC_WARN_UNINITIALIZED_AUTOS</key>
				<string>YES_AGGRESSIVE</string>
				<key>GCC_WARN_UNUSED_FUNCTION</key>
				<string>YES</string>
				<key>GCC_WARN_UNUSED_VARIABLE</key>
				<string>YES</string>
				<key>IPHONEOS_DEPLOYMENT_TARGET</key>
				<string>11.0</string>
				<key>MTL_ENABLE_DEBUG_INFO</key>
				<string>NO</string>
				<key>SDKROOT</key>
				<string>iphoneos</string>
				<key>VALIDATE_PRODUCT</key>
				<string>YES</string>
			</dict>
			<key>isa</key>
			<string>XCBuildConfiguration</string>
			<key>name</key>
			<string>Release</string>
		</dict>
		<key>0B6093BA1E68BCDD00C80262</key>
		<dict>
			<key>buildActionMask</key>
			<string>2147483647</string>
			<key>files</key>
			<array>
				<string>0440BBC16C7CE33CE2C46ED8</string>
				<string>A1C1CD3F7A0139A8A4E25906</string>
				<string>7BC209A02004BBF9A03D65CA</string>
				<string>8508AF96BDAA0A0CA08071C1</string>
				<string>9A3AB654D12D27A84EB91D3F</string>
				<string>7AA47C385856EA5700EBDBF0</string>
				<string>5531EE53B57BF1077ED8ACC2</string>
				<string>B8FB67C6B4DA32473C785F1B</string>
				<string>9138DC3DDEEC00F3CB249A68</string>
				<string>1B1EB6886E917BC55329882E</string>
				<string>ADBAD1E29CF5B26EEA32CED5</string>
				<string>F6C5DFE973B2A0E0718A16F3</string>
				<string>D256E1F1B439E7EB78AD94A5</string>
			</array>
			<key>isa</key>
			<string>PBXSourcesBuildPhase</string>
			<key>runOnlyForDeploymentPostprocessing</key>
			<string>0</string>
		</dict>
		<key>0B6093BB1E68BCDD00C80262</key>
		<dict>
			<key>buildActionMask</key>
			<string>2147483647</string>
			<key>files</key>
			<array/>
			<key>isa</key>
			<string>PBXFrameworksBuildPhase</string>
			<key>runOnlyForDeploymentPostprocessing</key>
			<string>0</string>
		</dict>
		<key>0B6093BC1E68BCDD00C80262</key>
		<dict>
			<key>buildActionMask</key>
			<string>2147483647</string>
			<key>files</key>
			<array>
				<string>40D9BF66E36771B2AADCEA59</string>
				<string>3980EE0DB621ABEF14C5505A</string>
				<string>6326F2FF70DFA11629B5EEE0</string>
				<string>27F558E6D4A9A5646CC0E28C</string>
				<string>4A04C290F253DA31E2615800</string>
			</array>
			<key>isa</key>
			<string>PBXResourcesBuildPhase</string>
			<key>runOnlyForDeploymentPostprocessing</key>
			<string>0</string>
		</dict>
		<key>0B6093BD1E68BCDD00C80262</key>
		<dict>
			<key>buildConfigurationList</key>
			<string>0B6093D11E68BCDD00C80262</string>
			<key>buildPhases</key>
			<array>
				<string>0B6093BA1E68BCDD00C80262</string>
				<string>0B6093BB1E68BCDD00C80262</string>
				<string>0B6093BC1E68BCDD00C80262</string>
			</array>
			<key>buildRules</key>
			<array/>
			<key>dependencies</key>
			<array/>
			<key>isa</key>
			<string>PBXNativeTarget</string>
			<key>name</key>
			<string>TravelAppIOS</string>
			<key>productName</key>
			<string>Production</string>
			<key>productReference</key>
			<string>0B6093BE1E68BCDD00C80262</string>
			<key>productType</key>
			<string>com.apple.product-type.application</string>
		</dict>
		<key>0B6093BE1E68BCDD00C80262</key>
		<dict>
			<key>explicitFileType</key>
			<string>wrapper.application</string>
			<key>includeInIndex</key>
			<string>0</string>
			<key>isa</key>
			<string>PBXFileReference</string>
			<key>path</key>
			<string>Production.app</string>
			<key>sourceTree</key>
			<string>BUILT_PRODUCTS_DIR</string>
		</dict>
		<key>0B6093CF1E68BCDD00C80262</key>
		<dict>
			<key>buildSettings</key>
			<dict>
				<key>ASSETCATALOG_COMPILER_APPICON_NAME</key>
				<string>AppIcon</string>
				<key>ASSETCATALOG_COMPILER_LAUNCHIMAGE_NAME</key>
				<string>LaunchImage</string>
				<key>INFOPLIST_FILE</key>
				<string>$(SRCROOT)/TravelAppIOS/Supporting Files/Info.plist</string>
				<key>LD_RUNPATH_SEARCH_PATHS</key>
				<string>$(inherited) @executable_path/Frameworks</string>
				<key>PRODUCT_BUNDLE_IDENTIFIER</key>
				<string>com.hackveda.travelapp</string>
				<key>PRODUCT_NAME</key>
				<string>$(TARGET_NAME)</string>
				<key>SWIFT_VERSION</key>
				<string>5.0</string>
				<key>TARGETED_DEVICE_FAMILY</key>
				<string>1</string>
			</dict>
			<key>isa</key>
			<string>XCBuildConfiguration</string>
			<key>name</key>
			<string>Debug</string>
		</dict>
		<key>0B6093D01E68BCDD00C80262</key>
		<dict>
			<key>buildSettings</key>
			<dict>
				<key>ASSETCATALOG_COMPILER_APPICON_NAME</key>
				<string>AppIcon</string>
				<key>ASSETCATALOG_COMPILER_LAUNCHIMAGE_NAME</key>
				<string>Brand Assets</string>
				<key>INFOPLIST_FILE</key>
				<string>$(SRCROOT)/TravelAppIOS/Supporting Files/Info.plist</string>
				<key>LD_RUNPATH_SEARCH_PATHS</key>
				<string>$(inherited) @executable_path/Frameworks</string>
				<key>PRODUCT_BUNDLE_IDENTIFIER</key>
				<string>com.hackveda.travelapp</string>
				<key>PRODUCT_NAME</key>
				<string>$(TARGET_NAME)</string>
				<key>SWIFT_VERSION</key>
				<string>5.0</string>
				<key>TARGETED_DEVICE_FAMILY</key>
				<string>1</string>
			</dict>
			<key>isa</key>
			<string>XCBuildConfiguration</string>
			<key>name</key>
			<string>Release</string>
		</dict>
		<key>0B6093D11E68BCDD00C80262</key>
		<dict>
			<key>buildConfigurations</key>
			<array>
				<string>0B6093CF1E68BCDD00C80262</string>
				<string>0B6093D01E68BCDD00C80262</string>
			</array>
			<key>defaultConfigurationIsVisible</key>
			<string>0</string>
			<key>defaultConfigurationName</key>
			<string>Release</string>
			<key>isa</key>
			<string>XCConfigurationList</string>
		</dict>
		<key>1B1EB6886E917BC55329882E</key>
		<dict>
			<key>fileRef</key>
			<string>42F66A71F43ED411224E2ED7</string>
			<key>isa</key>
			<string>PBXBuildFile</string>
		</dict>
		<key>1E59909A628AEA105B6C9A92</key>
		<dict>
			<key>fileEncoding</key>
			<string>4</string>
			<key>isa</key>
			<string>PBXFileReference</string>
			<key>lastKnownFileType</key>
			<string>text.plist.strings</string>
			<key>path</key>
			<string>Info.plist</string>
			<key>sourceTree</key>
			<string>&lt;group&gt;</string>
		</dict>
		<key>221E90CC47EB05A0E773D198</key>
		<dict>
			<key>children</key>
			<array>
				<string>3066F447B01D4A49E0387E51</string>
			</array>
			<key>isa</key>
			<string>PBXGroup</string>
			<key>path</key>
			<string>Interface</string>
			<key>sourceTree</key>
			<string>&lt;group&gt;</string>
		</dict>
		<key>229C9FD5B71B1A9EC626DDB4</key>
		<dict>
			<key>fileEncoding</key>
			<string>4</string>
			<key>isa</key>
			<string>PBXFileReference</string>
			<key>lastKnownFileType</key>
			<string>folder.assetcatalog</string>
			<key>name</key>
			<string>Images.xcassets</string>
			<key>path</key>
			<string>Images.xcassets</string>
			<key>sourceTree</key>
			<string>&lt;group&gt;</string>
		</dict>
		<key>26275D67CDE8B26F3B35FF59</key>
		<dict>
			<key>fileEncoding</key>
			<string>4</string>
			<key>isa</key>
			<string>PBXFileReference</string>
			<key>lastKnownFileType</key>
			<string>sourcecode.swift</string>
			<key>path</key>
			<string>ScreenThreeViewController.swift</string>
			<key>sourceTree</key>
			<string>&lt;group&gt;</string>
		</dict>
		<key>27F558E6D4A9A5646CC0E28C</key>
		<dict>
			<key>fileRef</key>
			<string>3066F447B01D4A49E0387E51</string>
			<key>isa</key>
			<string>PBXBuildFile</string>
		</dict>
		<key>2B3B03262D21210E7EBBBF5B</key>
		<dict>
			<key>fileEncoding</key>
			<string>4</string>
			<key>isa</key>
			<string>PBXFileReference</string>
			<key>lastKnownFileType</key>
			<string>file.font</string>
			<key>path</key>
			<string>Poppins-Bold.otf</string>
			<key>sourceTree</key>
			<string>&lt;group&gt;</string>
		</dict>
		<key>2D5FA07EED0AC0676AC98AEF</key>
		<dict>
			<key>children</key>
			<array/>
			<key>isa</key>
			<string>PBXGroup</string>
			<key>path</key>
			<string>Localization</string>
			<key>sourceTree</key>
			<string>&lt;group&gt;</string>
		</dict>
		<key>2D8536C31B29E3F69C565D34</key>
		<dict>
			<key>children</key>
			<array>
				<string>229C9FD5B71B1A9EC626DDB4</string>
			</array>
			<key>isa</key>
			<string>PBXGroup</string>
			<key>path</key>
			<string>Images</string>
			<key>sourceTree</key>
			<string>&lt;group&gt;</string>
		</dict>
		<key>3011DC1BDD62E6B915B64007</key>
		<dict>
			<key>fileEncoding</key>
			<string>4</string>
			<key>isa</key>
			<string>PBXFileReference</string>
			<key>lastKnownFileType</key>
			<string>file.font</string>
			<key>path</key>
			<string>Roboto-Regular.ttf</string>
			<key>sourceTree</key>
			<string>&lt;group&gt;</string>
		</dict>
		<key>3066F447B01D4A49E0387E51</key>
		<dict>
			<key>fileEncoding</key>
			<string>4</string>
			<key>isa</key>
			<string>PBXFileReference</string>
			<key>lastKnownFileType</key>
			<string>file.storyboard</string>
			<key>path</key>
			<string>Main.storyboard</string>
			<key>sourceTree</key>
			<string>&lt;group&gt;</string>
		</dict>
		<key>3980EE0DB621ABEF14C5505A</key>
		<dict>
			<key>fileRef</key>
			<string>B1726A063D3F2048481B02F5</string>
			<key>isa</key>
			<string>PBXBuildFile</string>
		</dict>
		<key>40D9BF66E36771B2AADCEA59</key>
		<dict>
			<key>fileRef</key>
			<string>2B3B03262D21210E7EBBBF5B</string>
			<key>isa</key>
			<string>PBXBuildFile</string>
		</dict>
		<key>42F66A71F43ED411224E2ED7</key>
		<dict>
			<key>fileEncoding</key>
			<string>4</string>
			<key>isa</key>
			<string>PBXFileReference</string>
			<key>lastKnownFileType</key>
			<string>sourcecode.swift</string>
			<key>path</key>
			<string>UIImage+Utility.swift</string>
			<key>sourceTree</key>
			<string>&lt;group&gt;</string>
		</dict>
		<key>4A04C290F253DA31E2615800</key>
		<dict>
			<key>fileRef</key>
			<string>229C9FD5B71B1A9EC626DDB4</string>
			<key>isa</key>
			<string>PBXBuildFile</string>
		</dict>
		<key>5531EE53B57BF1077ED8ACC2</key>
		<dict>
			<key>fileRef</key>
			<string>8C636E6E14EE5D994A23FCB8</string>
			<key>isa</key>
			<string>PBXBuildFile</string>
		</dict>
		<key>5ACE9EA33F72D515C5553489</key>
		<dict>
			<key>children</key>
			<array>
				<string>7B914EB5BD33A280524A1F7F</string>
				<string>2D8536C31B29E3F69C565D34</string>
				<string>221E90CC47EB05A0E773D198</string>
				<string>2D5FA07EED0AC0676AC98AEF</string>
			</array>
			<key>isa</key>
			<string>PBXGroup</string>
			<key>path</key>
			<string>Resources</string>
			<key>sourceTree</key>
			<string>&lt;group&gt;</string>
		</dict>
		<key>6326F2FF70DFA11629B5EEE0</key>
		<dict>
			<key>fileRef</key>
			<string>3011DC1BDD62E6B915B64007</string>
			<key>isa</key>
			<string>PBXBuildFile</string>
		</dict>
		<key>66B214DB88069A8115DE3E58</key>
		<dict>
			<key>fileEncoding</key>
			<string>4</string>
			<key>isa</key>
			<string>PBXFileReference</string>
			<key>lastKnownFileType</key>
			<string>sourcecode.swift</string>
			<key>path</key>
			<string>AppDelegate.swift</string>
			<key>sourceTree</key>
			<string>&lt;group&gt;</string>
		</dict>
		<key>749EE3513CB902DC53DABEFD</key>
		<dict>
			<key>children</key>
			<array>
				<string>A1D0EE680C675A73BE3B3543</string>
				<string>5ACE9EA33F72D515C5553489</string>
				<string>CBAB0DBA75BE5DFEAF4CC7E7</string>
			</array>
			<key>isa</key>
			<string>PBXGroup</string>
			<key>path</key>
			<string>TravelAppIOS</string>
			<key>sourceTree</key>
			<string>&lt;group&gt;</string>
		</dict>
		<key>76E1EE3739165F82C3ECD8C3</key>
		<dict>
			<key>children</key>
			<array>
				<string>99F29C77B9BBB053700BAC74</string>
				<string>EF5DB6D8AE56751D08795FF5</string>
				<string>DAA2C77928C13B7206ADFBAD</string>
				<string>C51150CB87EE226A861B01C1</string>
			</array>
			<key>isa</key>
			<string>PBXGroup</string>
			<key>path</key>
			<string>Controllers</string>
			<key>sourceTree</key>
			<string>&lt;group&gt;</string>
		</dict>
		<key>7AA47C385856EA5700EBDBF0</key>
		<dict>
			<key>fileRef</key>
			<string>98B65DB857E265C479A425D9</string>
			<key>isa</key>
			<string>PBXBuildFile</string>
		</dict>
		<key>7B914EB5BD33A280524A1F7F</key>
		<dict>
			<key>children</key>
			<array>
				<string>2B3B03262D21210E7EBBBF5B</string>
				<string>3011DC1BDD62E6B915B64007</string>
				<string>B1726A063D3F2048481B02F5</string>
			</array>
			<key>isa</key>
			<string>PBXGroup</string>
			<key>path</key>
			<string>Fonts</string>
			<key>sourceTree</key>
			<string>&lt;group&gt;</string>
		</dict>
		<key>7BC209A02004BBF9A03D65CA</key>
		<dict>
			<key>fileRef</key>
			<string>08C93D6AAAF8988BE5E0C8EF</string>
			<key>isa</key>
			<string>PBXBuildFile</string>
		</dict>
		<key>8508AF96BDAA0A0CA08071C1</key>
		<dict>
			<key>fileRef</key>
			<string>66B214DB88069A8115DE3E58</string>
			<key>isa</key>
			<string>PBXBuildFile</string>
		</dict>
		<key>8A0AF2A732F05BCA7A5BB011</key>
		<dict>
			<key>fileEncoding</key>
			<string>4</string>
			<key>isa</key>
			<string>PBXFileReference</string>
			<key>lastKnownFileType</key>
			<string>sourcecode.swift</string>
			<key>path</key>
			<string>ScreenTwoViewController.swift</string>
			<key>sourceTree</key>
			<string>&lt;group&gt;</string>
		</dict>
		<key>8C636E6E14EE5D994A23FCB8</key>
		<dict>
			<key>fileEncoding</key>
			<string>4</string>
			<key>isa</key>
			<string>PBXFileReference</string>
			<key>lastKnownFileType</key>
			<string>sourcecode.swift</string>
			<key>path</key>
			<string>NSMutableParagraphStyle+Utility.swift</string>
			<key>sourceTree</key>
			<string>&lt;group&gt;</string>
		</dict>
		<key>9138DC3DDEEC00F3CB249A68</key>
		<dict>
			<key>fileRef</key>
			<string>26275D67CDE8B26F3B35FF59</string>
			<key>isa</key>
			<string>PBXBuildFile</string>
		</dict>
		<key>98B65DB857E265C479A425D9</key>
		<dict>
			<key>fileEncoding</key>
			<string>4</string>
			<key>isa</key>
			<string>PBXFileReference</string>
			<key>lastKnownFileType</key>
			<string>sourcecode.swift</string>
			<key>path</key>
			<string>ScreenViewController.swift</string>
			<key>sourceTree</key>
			<string>&lt;group&gt;</string>
		</dict>
		<key>99F29C77B9BBB053700BAC74</key>
		<dict>
			<key>children</key>
			<array/>
			<key>isa</key>
			<string>PBXGroup</string>
			<key>path</key>
			<string>TabBarControllers</string>
			<key>sourceTree</key>
			<string>&lt;group&gt;</string>
		</dict>
		<key>9A3AB654D12D27A84EB91D3F</key>
		<dict>
			<key>fileRef</key>
			<string>C4BC92F8AFD16C6905B3E6C0</string>
			<key>isa</key>
			<string>PBXBuildFile</string>
		</dict>
		<key>A1C1CD3F7A0139A8A4E25906</key>
		<dict>
			<key>fileRef</key>
			<string>C8BA370A95139A56835B3BDC</string>
			<key>isa</key>
			<string>PBXBuildFile</string>
		</dict>
		<key>A1D0EE680C675A73BE3B3543</key>
		<dict>
			<key>children</key>
			<array>
				<string>76E1EE3739165F82C3ECD8C3</string>
				<string>F24DFC870103D8094833CD0E</string>
				<string>66B214DB88069A8115DE3E58</string>
			</array>
			<key>isa</key>
			<string>PBXGroup</string>
			<key>path</key>
			<string>Classes</string>
			<key>sourceTree</key>
			<string>&lt;group&gt;</string>
		</dict>
		<key>A5E4B2A01829A5992FA111CC</key>
		<dict>
			<key>fileEncoding</key>
			<string>4</string>
			<key>isa</key>
			<string>PBXFileReference</string>
			<key>lastKnownFileType</key>
			<string>sourcecode.swift</string>
			<key>path</key>
			<string>SupernovaButton.swift</string>
			<key>sourceTree</key>
			<string>&lt;group&gt;</string>
		</dict>
		<key>ADBAD1E29CF5B26EEA32CED5</key>
		<dict>
			<key>fileRef</key>
			<string>CA2FF2287FB08632F18BF1BF</string>
			<key>isa</key>
			<string>PBXBuildFile</string>
		</dict>
		<key>B1726A063D3F2048481B02F5</key>
		<dict>
			<key>fileEncoding</key>
			<string>4</string>
			<key>isa</key>
			<string>PBXFileReference</string>
			<key>lastKnownFileType</key>
			<string>file.font</string>
			<key>path</key>
			<string>Poppins-Regular.otf</string>
			<key>sourceTree</key>
			<string>&lt;group&gt;</string>
		</dict>
		<key>B8FB67C6B4DA32473C785F1B</key>
		<dict>
			<key>fileRef</key>
			<string>A5E4B2A01829A5992FA111CC</string>
			<key>isa</key>
			<string>PBXBuildFile</string>
		</dict>
		<key>C4BC92F8AFD16C6905B3E6C0</key>
		<dict>
			<key>fileEncoding</key>
			<string>4</string>
			<key>isa</key>
			<string>PBXFileReference</string>
			<key>lastKnownFileType</key>
			<string>sourcecode.swift</string>
			<key>path</key>
			<string>SupernovaTextField.swift</string>
			<key>sourceTree</key>
			<string>&lt;group&gt;</string>
		</dict>
		<key>C51150CB87EE226A861B01C1</key>
		<dict>
			<key>children</key>
			<array>
				<string>26275D67CDE8B26F3B35FF59</string>
			</array>
			<key>isa</key>
			<string>PBXGroup</string>
			<key>path</key>
			<string>ScreenThreeViewController</string>
			<key>sourceTree</key>
			<string>&lt;group&gt;</string>
		</dict>
		<key>C8BA370A95139A56835B3BDC</key>
		<dict>
			<key>fileEncoding</key>
			<string>4</string>
			<key>isa</key>
			<string>PBXFileReference</string>
			<key>lastKnownFileType</key>
			<string>sourcecode.swift</string>
			<key>path</key>
			<string>SupernovaLabel.swift</string>
			<key>sourceTree</key>
			<string>&lt;group&gt;</string>
		</dict>
		<key>CA2FF2287FB08632F18BF1BF</key>
		<dict>
			<key>fileEncoding</key>
			<string>4</string>
			<key>isa</key>
			<string>PBXFileReference</string>
			<key>lastKnownFileType</key>
			<string>sourcecode.swift</string>
			<key>path</key>
			<string>UILabel+Utility.swift</string>
			<key>sourceTree</key>
			<string>&lt;group&gt;</string>
		</dict>
		<key>CBAB0DBA75BE5DFEAF4CC7E7</key>
		<dict>
			<key>children</key>
			<array>
				<string>1E59909A628AEA105B6C9A92</string>
			</array>
			<key>isa</key>
			<string>PBXGroup</string>
			<key>path</key>
			<string>Supporting Files</string>
			<key>sourceTree</key>
			<string>&lt;group&gt;</string>
		</dict>
		<key>D256E1F1B439E7EB78AD94A5</key>
		<dict>
			<key>fileRef</key>
			<string>F03599BB465876A186700D64</string>
			<key>isa</key>
			<string>PBXBuildFile</string>
		</dict>
		<key>DAA2C77928C13B7206ADFBAD</key>
		<dict>
			<key>children</key>
			<array>
				<string>8A0AF2A732F05BCA7A5BB011</string>
			</array>
			<key>isa</key>
			<string>PBXGroup</string>
			<key>path</key>
			<string>ScreenTwoViewController</string>
			<key>sourceTree</key>
			<string>&lt;group&gt;</string>
		</dict>
		<key>EF5DB6D8AE56751D08795FF5</key>
		<dict>
			<key>children</key>
			<array>
				<string>98B65DB857E265C479A425D9</string>
			</array>
			<key>isa</key>
			<string>PBXGroup</string>
			<key>path</key>
			<string>ScreenViewController</string>
			<key>sourceTree</key>
			<string>&lt;group&gt;</string>
		</dict>
		<key>F03599BB465876A186700D64</key>
		<dict>
			<key>fileEncoding</key>
			<string>4</string>
			<key>isa</key>
			<string>PBXFileReference</string>
			<key>lastKnownFileType</key>
			<string>sourcecode.swift</string>
			<key>path</key>
			<string>UINavigationController+Utility.swift</string>
			<key>sourceTree</key>
			<string>&lt;group&gt;</string>
		</dict>
		<key>F24DFC870103D8094833CD0E</key>
		<dict>
			<key>children</key>
			<array>
				<string>8C636E6E14EE5D994A23FCB8</string>
				<string>A5E4B2A01829A5992FA111CC</string>
				<string>C4BC92F8AFD16C6905B3E6C0</string>
				<string>C8BA370A95139A56835B3BDC</string>
				<string>42F66A71F43ED411224E2ED7</string>
				<string>CA2FF2287FB08632F18BF1BF</string>
				<string>F03599BB465876A186700D64</string>
				<string>098921E4A7A6F02A09CCF4D0</string>
				<string>08C93D6AAAF8988BE5E0C8EF</string>
			</array>
			<key>isa</key>
			<string>PBXGroup</string>
			<key>path</key>
			<string>Extensions</string>
			<key>sourceTree</key>
			<string>&lt;group&gt;</string>
		</dict>
		<key>F6C5DFE973B2A0E0718A16F3</key>
		<dict>
			<key>fileRef</key>
			<string>8A0AF2A732F05BCA7A5BB011</string>
			<key>isa</key>
			<string>PBXBuildFile</string>
		</dict>
	</dict>
	<key>rootObject</key>
	<string>0B28DFD11E40CD2E00BF6E7C</string>
</dict>
</plist>
